// !$*UTF8*$!
{
	archiveVersion = 1;
	classes = {
	};
	objectVersion = 55;
	objects = {

/* Begin PBXBuildFile section */
		DA52C78628A41D5D00269546 /* AppDelegate.swift in Sources */ = {isa = PBXBuildFile; fileRef = DA52C78528A41D5D00269546 /* AppDelegate.swift */; };
		DA52C78828A41D5D00269546 /* SceneDelegate.swift in Sources */ = {isa = PBXBuildFile; fileRef = DA52C78728A41D5D00269546 /* SceneDelegate.swift */; };
		DA52C78A28A41D5D00269546 /* ViewController.swift in Sources */ = {isa = PBXBuildFile; fileRef = DA52C78928A41D5D00269546 /* ViewController.swift */; };
		DA52C78D28A41D5D00269546 /* Main.storyboard in Resources */ = {isa = PBXBuildFile; fileRef = DA52C78B28A41D5D00269546 /* Main.storyboard */; };
		DA52C78F28A41D5F00269546 /* Assets.xcassets in Resources */ = {isa = PBXBuildFile; fileRef = DA52C78E28A41D5F00269546 /* Assets.xcassets */; };
		DA52C79228A41D5F00269546 /* LaunchScreen.storyboard in Resources */ = {isa = PBXBuildFile; fileRef = DA52C79028A41D5F00269546 /* LaunchScreen.storyboard */; };
		DA52C79D28A4343A00269546 /* JokeManager.swift in Sources */ = {isa = PBXBuildFile; fileRef = DA52C79C28A4343A00269546 /* JokeManager.swift */; };
		DA52C79F28A4351000269546 /* JokeData.swift in Sources */ = {isa = PBXBuildFile; fileRef = DA52C79E28A4351000269546 /* JokeData.swift */; };
/* End PBXBuildFile section */

/* Begin PBXFileReference section */
		DA52C78228A41D5D00269546 /* DaddyJo.app */ = {isa = PBXFileReference; explicitFileType = wrapper.application; includeInIndex = 0; path = DaddyJo.app; sourceTree = BUILT_PRODUCTS_DIR; };
		DA52C78528A41D5D00269546 /* AppDelegate.swift */ = {isa = PBXFileReference; lastKnownFileType = sourcecode.swift; path = AppDelegate.swift; sourceTree = "<group>"; };
		DA52C78728A41D5D00269546 /* SceneDelegate.swift */ = {isa = PBXFileReference; lastKnownFileType = sourcecode.swift; path = SceneDelegate.swift; sourceTree = "<group>"; };
		DA52C78928A41D5D00269546 /* ViewController.swift */ = {isa = PBXFileReference; lastKnownFileType = sourcecode.swift; path = ViewController.swift; sourceTree = "<group>"; };
		DA52C78C28A41D5D00269546 /* Base */ = {isa = PBXFileReference; lastKnownFileType = file.storyboard; name = Base; path = Base.lproj/Main.storyboard; sourceTree = "<group>"; };
		DA52C78E28A41D5F00269546 /* Assets.xcassets */ = {isa = PBXFileReference; lastKnownFileType = folder.assetcatalog; path = Assets.xcassets; sourceTree = "<group>"; };
		DA52C79128A41D5F00269546 /* Base */ = {isa = PBXFileReference; lastKnownFileType = file.storyboard; name = Base; path = Base.lproj/LaunchScreen.storyboard; sourceTree = "<group>"; };
		DA52C79328A41D5F00269546 /* Info.plist */ = {isa = PBXFileReference; lastKnownFileType = text.plist.xml; path = Info.plist; sourceTree = "<group>"; };
		DA52C79C28A4343A00269546 /* JokeManager.swift */ = {isa = PBXFileReference; lastKnownFileType = sourcecode.swift; path = JokeManager.swift; sourceTree = "<group>"; };
		DA52C79E28A4351000269546 /* JokeData.swift */ = {isa = PBXFileReference; lastKnownFileType = sourcecode.swift; path = JokeData.swift; sourceTree = "<group>"; };
/* End PBXFileReference section */

/* Begin PBXFrameworksBuildPhase section */
		DA52C77F28A41D5D00269546 /* Frameworks */ = {
			isa = PBXFrameworksBuildPhase;
			buildActionMask = 2147483647;
			files = (
			);
			runOnlyForDeploymentPostprocessing = 0;
		};
/* End PBXFrameworksBuildPhase section */

/* Begin PBXGroup section */
		DA52C77928A41D5D00269546 = {
			isa = PBXGroup;
			children = (
				DA52C78428A41D5D00269546 /* DaddyJo */,
				DA52C78328A41D5D00269546 /* Products */,
			);
			sourceTree = "<group>";
		};
		DA52C78328A41D5D00269546 /* Products */ = {
			isa = PBXGroup;
			children = (
				DA52C78228A41D5D00269546 /* DaddyJo.app */,
			);
			name = Products;
			sourceTree = "<group>";
		};
		DA52C78428A41D5D00269546 /* DaddyJo */ = {
			isa = PBXGroup;
			children = (
				DA52C79B28A4342000269546 /* Model */,
				DA52C79928A433D400269546 /* View */,
				DA52C79A28A433DD00269546 /* Controller */,
				DA52C78528A41D5D00269546 /* AppDelegate.swift */,
				DA52C78728A41D5D00269546 /* SceneDelegate.swift */,
				DA52C78E28A41D5F00269546 /* Assets.xcassets */,
				DA52C79028A41D5F00269546 /* LaunchScreen.storyboard */,
				DA52C79328A41D5F00269546 /* Info.plist */,
			);
			path = DaddyJo;
			sourceTree = "<group>";
		};
		DA52C79928A433D400269546 /* View */ = {
			isa = PBXGroup;
			children = (
				DA52C78B28A41D5D00269546 /* Main.storyboard */,
			);
			path = View;
			sourceTree = "<group>";
		};
		DA52C79A28A433DD00269546 /* Controller */ = {
			isa = PBXGroup;
			children = (
				DA52C78928A41D5D00269546 /* ViewController.swift */,
			);
			path = Controller;
			sourceTree = "<group>";
		};
		DA52C79B28A4342000269546 /* Model */ = {
			isa = PBXGroup;
			children = (
				DA52C79C28A4343A00269546 /* JokeManager.swift */,
				DA52C79E28A4351000269546 /* JokeData.swift */,
			);
			path = Model;
			sourceTree = "<group>";
		};
/* End PBXGroup section */

/* Begin PBXNativeTarget section */
		DA52C78128A41D5D00269546 /* DaddyJo */ = {
			isa = PBXNativeTarget;
			buildConfigurationList = DA52C79628A41D5F00269546 /* Build configuration list for PBXNativeTarget "DaddyJo" */;
			buildPhases = (
				DA52C77E28A41D5D00269546 /* Sources */,
				DA52C77F28A41D5D00269546 /* Frameworks */,
				DA52C78028A41D5D00269546 /* Resources */,
			);
			buildRules = (
			);
			dependencies = (
			);
			name = DaddyJo;
			productName = DaddyJo;
			productReference = DA52C78228A41D5D00269546 /* DaddyJo.app */;
			productType = "com.apple.product-type.application";
		};
/* End PBXNativeTarget section */

/* Begin PBXProject section */
		DA52C77A28A41D5D00269546 /* Project object */ = {
			isa = PBXProject;
			attributes = {
				BuildIndependentTargetsInParallel = 1;
				LastSwiftUpdateCheck = 1340;
				LastUpgradeCheck = 1340;
				TargetAttributes = {
					DA52C78128A41D5D00269546 = {
						CreatedOnToolsVersion = 13.4.1;
					};
				};
			};
			buildConfigurationList = DA52C77D28A41D5D00269546 /* Build configuration list for PBXProject "DaddyJo" */;
			compatibilityVersion = "Xcode 13.0";
			developmentRegion = en;
			hasScannedForEncodings = 0;
			knownRegions = (
				en,
				Base,
			);
			mainGroup = DA52C77928A41D5D00269546;
			productRefGroup = DA52C78328A41D5D00269546 /* Products */;
			projectDirPath = "";
			projectRoot = "";
			targets = (
				DA52C78128A41D5D00269546 /* DaddyJo */,
			);
		};
/* End PBXProject section */

/* Begin PBXResourcesBuildPhase section */
		DA52C78028A41D5D00269546 /* Resources */ = {
			isa = PBXResourcesBuildPhase;
			buildActionMask = 2147483647;
			files = (
				DA52C79228A41D5F00269546 /* LaunchScreen.storyboard in Resources */,
				DA52C78F28A41D5F00269546 /* Assets.xcassets in Resources */,
				DA52C78D28A41D5D00269546 /* Main.storyboard in Resources */,
			);
			runOnlyForDeploymentPostprocessing = 0;
		};
/* End PBXResourcesBuildPhase section */

/* Begin PBXSourcesBuildPhase section */
		DA52C77E28A41D5D00269546 /* Sources */ = {
			isa = PBXSourcesBuildPhase;
			buildActionMask = 2147483647;
			files = (
				DA52C79D28A4343A00269546 /* JokeManager.swift in Sources */,
				DA52C78A28A41D5D00269546 /* ViewController.swift in Sources */,
				DA52C79F28A4351000269546 /* JokeData.swift in Sources */,
				DA52C78628A41D5D00269546 /* AppDelegate.swift in Sources */,
				DA52C78828A41D5D00269546 /* SceneDelegate.swift in Sources */,
			);
			runOnlyForDeploymentPostprocessing = 0;
		};
/* End PBXSourcesBuildPhase section */

/* Begin PBXVariantGroup section */
		DA52C78B28A41D5D00269546 /* Main.storyboard */ = {
			isa = PBXVariantGroup;
			children = (
				DA52C78C28A41D5D00269546 /* Base */,
			);
			name = Main.storyboard;
			sourceTree = "<group>";
		};
		DA52C79028A41D5F00269546 /* LaunchScreen.storyboard */ = {
			isa = PBXVariantGroup;
			children = (
				DA52C79128A41D5F00269546 /* Base */,
			);
			name = LaunchScreen.storyboard;
			sourceTree = "<group>";
		};
/* End PBXVariantGroup section */

/* Begin XCBuildConfiguration section */
		DA52C79428A41D5F00269546 /* Debug */ = {
			isa = XCBuildConfiguration;
			buildSettings = {
				ALWAYS_SEARCH_USER_PATHS = NO;
				CLANG_ANALYZER_NONNULL = YES;
				CLANG_ANALYZER_NUMBER_OBJECT_CONVERSION = YES_AGGRESSIVE;
				CLANG_CXX_LANGUAGE_STANDARD = "gnu++17";
				CLANG_ENABLE_MODULES = YES;
				CLANG_ENABLE_OBJC_ARC = YES;
				CLANG_ENABLE_OBJC_WEAK = YES;
				CLANG_WARN_BLOCK_CAPTURE_AUTORELEASING = YES;
				CLANG_WARN_BOOL_CONVERSION = YES;
				CLANG_WARN_COMMA = YES;
				CLANG_WARN_CONSTANT_CONVERSION = YES;
				CLANG_WARN_DEPRECATED_OBJC_IMPLEMENTATIONS = YES;
				CLANG_WARN_DIRECT_OBJC_ISA_USAGE = YES_ERROR;
				CLANG_WARN_DOCUMENTATION_COMMENTS = YES;
				CLANG_WARN_EMPTY_BODY = YES;
				CLANG_WARN_ENUM_CONVERSION = YES;
				CLANG_WARN_INFINITE_RECURSION = YES;
				CLANG_WARN_INT_CONVERSION = YES;
				CLANG_WARN_NON_LITERAL_NULL_CONVERSION = YES;
				CLANG_WARN_OBJC_IMPLICIT_RETAIN_SELF = YES;
				CLANG_WARN_OBJC_LITERAL_CONVERSION = YES;
				CLANG_WARN_OBJC_ROOT_CLASS = YES_ERROR;
				CLANG_WARN_QUOTED_INCLUDE_IN_FRAMEWORK_HEADER = YES;
				CLANG_WARN_RANGE_LOOP_ANALYSIS = YES;
				CLANG_WARN_STRICT_PROTOTYPES = YES;
				CLANG_WARN_SUSPICIOUS_MOVE = YES;
				CLANG_WARN_UNGUARDED_AVAILABILITY = YES_AGGRESSIVE;
				CLANG_WARN_UNREACHABLE_CODE = YES;
				CLANG_WARN__DUPLICATE_METHOD_MATCH = YES;
				COPY_PHASE_STRIP = NO;
				DEBUG_INFORMATION_FORMAT = dwarf;
				ENABLE_STRICT_OBJC_MSGSEND = YES;
				ENABLE_TESTABILITY = YES;
				GCC_C_LANGUAGE_STANDARD = gnu11;
				GCC_DYNAMIC_NO_PIC = NO;
				GCC_NO_COMMON_BLOCKS = YES;
				GCC_OPTIMIZATION_LEVEL = 0;
				GCC_PREPROCESSOR_DEFINITIONS = (
					"DEBUG=1",
					"$(inherited)",
				);
				GCC_WARN_64_TO_32_BIT_CONVERSION = YES;
				GCC_WARN_ABOUT_RETURN_TYPE = YES_ERROR;
				GCC_WARN_UNDECLARED_SELECTOR = YES;
				GCC_WARN_UNINITIALIZED_AUTOS = YES_AGGRESSIVE;
				GCC_WARN_UNUSED_FUNCTION = YES;
				GCC_WARN_UNUSED_VARIABLE = YES;
				IPHONEOS_DEPLOYMENT_TARGET = 15.5;
				MTL_ENABLE_DEBUG_INFO = INCLUDE_SOURCE;
				MTL_FAST_MATH = YES;
				ONLY_ACTIVE_ARCH = YES;
				SDKROOT = iphoneos;
				SWIFT_ACTIVE_COMPILATION_CONDITIONS = DEBUG;
				SWIFT_OPTIMIZATION_LEVEL = "-Onone";
			};
			name = Debug;
		};
		DA52C79528A41D5F00269546 /* Release */ = {
			isa = XCBuildConfiguration;
			buildSettings = {
				ALWAYS_SEARCH_USER_PATHS = NO;
				CLANG_ANALYZER_NONNULL = YES;
				CLANG_ANALYZER_NUMBER_OBJECT_CONVERSION = YES_AGGRESSIVE;
				CLANG_CXX_LANGUAGE_STANDARD = "gnu++17";
				CLANG_ENABLE_MODULES = YES;
				CLANG_ENABLE_OBJC_ARC = YES;
				CLANG_ENABLE_OBJC_WEAK = YES;
				CLANG_WARN_BLOCK_CAPTURE_AUTORELEASING = YES;
				CLANG_WARN_BOOL_CONVERSION = YES;
				CLANG_WARN_COMMA = YES;
				CLANG_WARN_CONSTANT_CONVERSION = YES;
				CLANG_WARN_DEPRECATED_OBJC_IMPLEMENTATIONS = YES;
				CLANG_WARN_DIRECT_OBJC_ISA_USAGE = YES_ERROR;
				CLANG_WARN_DOCUMENTATION_COMMENTS = YES;
				CLANG_WARN_EMPTY_BODY = YES;
				CLANG_WARN_ENUM_CONVERSION = YES;
				CLANG_WARN_INFINITE_RECURSION = YES;
				CLANG_WARN_INT_CONVERSION = YES;
				CLANG_WARN_NON_LITERAL_NULL_CONVERSION = YES;
				CLANG_WARN_OBJC_IMPLICIT_RETAIN_SELF = YES;
				CLANG_WARN_OBJC_LITERAL_CONVERSION = YES;
				CLANG_WARN_OBJC_ROOT_CLASS = YES_ERROR;
				CLANG_WARN_QUOTED_INCLUDE_IN_FRAMEWORK_HEADER = YES;
				CLANG_WARN_RANGE_LOOP_ANALYSIS = YES;
				CLANG_WARN_STRICT_PROTOTYPES = YES;
				CLANG_WARN_SUSPICIOUS_MOVE = YES;
				CLANG_WARN_UNGUARDED_AVAILABILITY = YES_AGGRESSIVE;
				CLANG_WARN_UNREACHABLE_CODE = YES;
				CLANG_WARN__DUPLICATE_METHOD_MATCH = YES;
				COPY_PHASE_STRIP = NO;
				DEBUG_INFORMATION_FORMAT = "dwarf-with-dsym";
				ENABLE_NS_ASSERTIONS = NO;
				ENABLE_STRICT_OBJC_MSGSEND = YES;
				GCC_C_LANGUAGE_STANDARD = gnu11;
				GCC_NO_COMMON_BLOCKS = YES;
				GCC_WARN_64_TO_32_BIT_CONVERSION = YES;
				GCC_WARN_ABOUT_RETURN_TYPE = YES_ERROR;
				GCC_WARN_UNDECLARED_SELECTOR = YES;
				GCC_WARN_UNINITIALIZED_AUTOS = YES_AGGRESSIVE;
				GCC_WARN_UNUSED_FUNCTION = YES;
				GCC_WARN_UNUSED_VARIABLE = YES;
				IPHONEOS_DEPLOYMENT_TARGET = 15.5;
				MTL_ENABLE_DEBUG_INFO = NO;
				MTL_FAST_MATH = YES;
				SDKROOT = iphoneos;
				SWIFT_COMPILATION_MODE = wholemodule;
				SWIFT_OPTIMIZATION_LEVEL = "-O";
				VALIDATE_PRODUCT = YES;
			};
			name = Release;
		};
		DA52C79728A41D5F00269546 /* Debug */ = {
			isa = XCBuildConfiguration;
			buildSettings = {
				ASSETCATALOG_COMPILER_APPICON_NAME = AppIcon;
				ASSETCATALOG_COMPILER_GLOBAL_ACCENT_COLOR_NAME = AccentColor;
				CODE_SIGN_STYLE = Automatic;
				CURRENT_PROJECT_VERSION = 1;
				DEVELOPMENT_TEAM = 6352LWX99R;
				GENERATE_INFOPLIST_FILE = YES;
				INFOPLIST_FILE = DaddyJo/Info.plist;
				INFOPLIST_KEY_UIApplicationSupportsIndirectInputEvents = YES;
				INFOPLIST_KEY_UILaunchStoryboardName = LaunchScreen;
				INFOPLIST_KEY_UIMainStoryboardFile = Main;
				INFOPLIST_KEY_UISupportedInterfaceOrientations_iPad = "UIInterfaceOrientationPortrait UIInterfaceOrientationPortraitUpsideDown UIInterfaceOrientationLandscapeLeft UIInterfaceOrientationLandscapeRight";
				INFOPLIST_KEY_UISupportedInterfaceOrientations_iPhone = "UIInterfaceOrientationPortrait UIInterfaceOrientationLandscapeLeft UIInterfaceOrientationLandscapeRight";
				LD_RUNPATH_SEARCH_PATHS = (
					"$(inherited)",
					"@executable_path/Frameworks",
				);
				MARKETING_VERSION = 1.0;
				PRODUCT_BUNDLE_IDENTIFIER = com.volkate.DaddyJo;
				PRODUCT_NAME = "$(TARGET_NAME)";
				SWIFT_EMIT_LOC_STRINGS = YES;
				SWIFT_VERSION = 5.0;
				TARGETED_DEVICE_FAMILY = "1,2";
			};
			name = Debug;
		};
		DA52C79828A41D5F00269546 /* Release */ = {
			isa = XCBuildConfiguration;
			buildSettings = {
				ASSETCATALOG_COMPILER_APPICON_NAME = AppIcon;
				ASSETCATALOG_COMPILER_GLOBAL_ACCENT_COLOR_NAME = AccentColor;
				CODE_SIGN_STYLE = Automatic;
				CURRENT_PROJECT_VERSION = 1;
				DEVELOPMENT_TEAM = 6352LWX99R;
				GENERATE_INFOPLIST_FILE = YES;
				INFOPLIST_FILE = DaddyJo/Info.plist;
				INFOPLIST_KEY_UIApplicationSupportsIndirectInputEvents = YES;
				INFOPLIST_KEY_UILaunchStoryboardName = LaunchScreen;
				INFOPLIST_KEY_UIMainStoryboardFile = Main;
				INFOPLIST_KEY_UISupportedInterfaceOrientations_iPad = "UIInterfaceOrientationPortrait UIInterfaceOrientationPortraitUpsideDown UIInterfaceOrientationLandscapeLeft UIInterfaceOrientationLandscapeRight";
				INFOPLIST_KEY_UISupportedInterfaceOrientations_iPhone = "UIInterfaceOrientationPortrait UIInterfaceOrientationLandscapeLeft UIInterfaceOrientationLandscapeRight";
				LD_RUNPATH_SEARCH_PATHS = (
					"$(inherited)",
					"@executable_path/Frameworks",
				);
				MARKETING_VERSION = 1.0;
				PRODUCT_BUNDLE_IDENTIFIER = com.volkate.DaddyJo;
				PRODUCT_NAME = "$(TARGET_NAME)";
				SWIFT_EMIT_LOC_STRINGS = YES;
				SWIFT_VERSION = 5.0;
				TARGETED_DEVICE_FAMILY = "1,2";
			};
			name = Release;
		};
/* End XCBuildConfiguration section */

/* Begin XCConfigurationList section */
		DA52C77D28A41D5D00269546 /* Build configuration list for PBXProject "DaddyJo" */ = {
			isa = XCConfigurationList;
			buildConfigurations = (
				DA52C79428A41D5F00269546 /* Debug */,
				DA52C79528A41D5F00269546 /* Release */,
			);
			defaultConfigurationIsVisible = 0;
			defaultConfigurationName = Release;
		};
		DA52C79628A41D5F00269546 /* Build configuration list for PBXNativeTarget "DaddyJo" */ = {
			isa = XCConfigurationList;
			buildConfigurations = (
				DA52C79728A41D5F00269546 /* Debug */,
				DA52C79828A41D5F00269546 /* Release */,
			);
			defaultConfigurationIsVisible = 0;
			defaultConfigurationName = Release;
		};
/* End XCConfigurationList section */
	};
	rootObject = DA52C77A28A41D5D00269546 /* Project object */;
}
